
Microsoft Visual Studio Solution File, Format Version 12.00
# Visual Studio Version 16
VisualStudioVersion = 16.0.29230.47
MinimumVisualStudioVersion = 10.0.40219.1
Project("{FAE04EC0-301F-11D3-BF4B-00C04F79EFBC}") = "MyLibrary", "MyLibrary\MyLibrary.csproj", "{4F210A2E-BB94-462D-9680-D618C7CA3EED}"
EndProject
Project("{FAE04EC0-301F-11D3-BF4B-00C04F79EFBC}") = "Tests461", "Tests461\Tests461.csproj", "{1DD1EBF2-8758-489E-B106-BD48C45E259D}"
EndProject
Project("{FAE04EC0-301F-11D3-BF4B-00C04F79EFBC}") = "TestsCore2", "TestsCore2\TestsCore2.csproj", "{71024B55-7F46-4C21-A82C-52FBB782E0C4}"
EndProject
Global
	GlobalSection(SolutionConfigurationPlatforms) = preSolution
		Debug|Any CPU = Debug|Any CPU
		Release|Any CPU = Release|Any CPU
	EndGlobalSection
	GlobalSection(ProjectConfigurationPlatforms) = postSolution
		{4F210A2E-BB94-462D-9680-D618C7CA3EED}.Debug|Any CPU.ActiveCfg = Debug|Any CPU
		{4F210A2E-BB94-462D-9680-D618C7CA3EED}.Debug|Any CPU.Build.0 = Debug|Any CPU
		{4F210A2E-BB94-462D-9680-D618C7CA3EED}.Release|Any CPU.ActiveCfg = Release|Any CPU
		{4F210A2E-BB94-462D-9680-D618C7CA3EED}.Release|Any CPU.Build.0 = Release|Any CPU
		{1DD1EBF2-8758-489E-B106-BD48C45E259D}.Debug|Any CPU.ActiveCfg = Debug|Any CPU
		{1DD1EBF2-8758-489E-B106-BD48C45E259D}.Debug|Any CPU.Build.0 = Debug|Any CPU
		{1DD1EBF2-8758-489E-B106-BD48C45E259D}.Release|Any CPU.ActiveCfg = Release|Any CPU
		{1DD1EBF2-8758-489E-B106-BD48C45E259D}.Release|Any CPU.Build.0 = Release|Any CPU
		{71024B55-7F46-4C21-A82C-52FBB782E0C4}.Debug|Any CPU.ActiveCfg = Debug|Any CPU
		{71024B55-7F46-4C21-A82C-52FBB782E0C4}.Debug|Any CPU.Build.0 = Debug|Any CPU
		{71024B55-7F46-4C21-A82C-52FBB782E0C4}.Release|Any CPU.ActiveCfg = Release|Any CPU
		{71024B55-7F46-4C21-A82C-52FBB782E0C4}.Release|Any CPU.Build.0 = Release|Any CPU
	EndGlobalSection
	GlobalSection(SolutionProperties) = preSolution
		HideSolutionNode = FALSE
	EndGlobalSection
	GlobalSection(ExtensibilityGlobals) = postSolution
		SolutionGuid = {70B7596E-CC04-4195-89ED-DF1B3B02DF86}
	EndGlobalSection
EndGlobal
